
Microsoft Visual Studio Solution File, Format Version 12.00
# Visual Studio Version 16
VisualStudioVersion = 16.0.30104.148
MinimumVisualStudioVersion = 10.0.40219.1
Project("{9A19103F-16F7-4668-BE54-9A1E7A4F7556}") = "DatingApp.API", "DatingApp.API.csproj", "{8BE25CE0-41EE-48B0-8FBD-2BFEAECF890A}"
EndProject
Global
	GlobalSection(SolutionConfigurationPlatforms) = preSolution
		Debug|Any CPU = Debug|Any CPU
		Release|Any CPU = Release|Any CPU
	EndGlobalSection
	GlobalSection(ProjectConfigurationPlatforms) = postSolution
		{8BE25CE0-41EE-48B0-8FBD-2BFEAECF890A}.Debug|Any CPU.ActiveCfg = Debug|Any CPU
		{8BE25CE0-41EE-48B0-8FBD-2BFEAECF890A}.Debug|Any CPU.Build.0 = Debug|Any CPU
		{8BE25CE0-41EE-48B0-8FBD-2BFEAECF890A}.Release|Any CPU.ActiveCfg = Release|Any CPU
		{8BE25CE0-41EE-48B0-8FBD-2BFEAECF890A}.Release|Any CPU.Build.0 = Release|Any CPU
	EndGlobalSection
	GlobalSection(SolutionProperties) = preSolution
		HideSolutionNode = FALSE
	EndGlobalSection
	GlobalSection(ExtensibilityGlobals) = postSolution
		SolutionGuid = {E3534EAC-9B44-4F56-8170-2F6EFE0FB88D}
	EndGlobalSection
EndGlobal
